
Microsoft Visual Studio Solution File, Format Version 12.00
# Visual Studio Version 16
VisualStudioVersion = 16.0.29102.190
MinimumVisualStudioVersion = 10.0.40219.1
Project("{FAE04EC0-301F-11D3-BF4B-00C04F79EFBC}") = "Heranca_Polimorfismo", "Heranca_Polimorfismo.csproj", "{18D23463-B9C7-4DEA-8596-168471779936}"
EndProject
Global
	GlobalSection(SolutionConfigurationPlatforms) = preSolution
		Debug|Any CPU = Debug|Any CPU
		Release|Any CPU = Release|Any CPU
	EndGlobalSection
	GlobalSection(ProjectConfigurationPlatforms) = postSolution
		{18D23463-B9C7-4DEA-8596-168471779936}.Debug|Any CPU.ActiveCfg = Debug|Any CPU
		{18D23463-B9C7-4DEA-8596-168471779936}.Debug|Any CPU.Build.0 = Debug|Any CPU
		{18D23463-B9C7-4DEA-8596-168471779936}.Release|Any CPU.ActiveCfg = Release|Any CPU
		{18D23463-B9C7-4DEA-8596-168471779936}.Release|Any CPU.Build.0 = Release|Any CPU
	EndGlobalSection
	GlobalSection(SolutionProperties) = preSolution
		HideSolutionNode = FALSE
	EndGlobalSection
	GlobalSection(ExtensibilityGlobals) = postSolution
		SolutionGuid = {BBC949CD-84EA-4505-97B7-B036ADD81F0A}
	EndGlobalSection
EndGlobal
